
Microsoft Visual Studio Solution File, Format Version 11.00
# Visual Studio 2010
# Ranorex Studio 8.1
Project("{FAE04EC0-301F-11D3-BF4B-00C04F79EFBC}") = "RanorexPOC", "RanorexPOC\RanorexPOC.csproj", "{81D34D4D-27F1-447F-B250-E1768B905D74}"
EndProject
Project("{2150E333-8FDC-42A3-9474-1A3956D46DE8}") = "Solution Items", "Solution Items", "{93EF4963-A354-4D4E-9F0A-DEA0C3F66228}"
	ProjectSection(SolutionItems) = postProject
		Ranorex = .\Ranorex.rxsettings
	EndProjectSection
EndProject
Global
	GlobalSection(SolutionConfigurationPlatforms) = preSolution
		Debug|x86 = Debug|x86
		Release|x86 = Release|x86
	EndGlobalSection
	GlobalSection(ProjectConfigurationPlatforms) = postSolution
		{81D34D4D-27F1-447F-B250-E1768B905D74}.Debug|x86.Build.0 = Debug|x86
		{81D34D4D-27F1-447F-B250-E1768B905D74}.Debug|x86.ActiveCfg = Debug|x86
		{81D34D4D-27F1-447F-B250-E1768B905D74}.Release|x86.Build.0 = Release|x86
		{81D34D4D-27F1-447F-B250-E1768B905D74}.Release|x86.ActiveCfg = Release|x86
	EndGlobalSection
EndGlobal
